# This file is automatically @generated by Cargo.
# It is not intended for manual editing.
version = 3

[[package]]
name = "addr2line"
version = "0.19.0"
source = "registry+https://github.com/rust-lang/crates.io-index"
checksum = "a76fd60b23679b7d19bd066031410fb7e458ccc5e958eb5c325888ce4baedc97"
dependencies = [
 "gimli",
]

[[package]]
name = "adler"
version = "1.0.2"
source = "registry+https://github.com/rust-lang/crates.io-index"
checksum = "f26201604c87b1e01bd3d98f8d5d9a8fcbb815e8cedb41ffccbeb4bf593a35fe"

[[package]]
name = "autocfg"
version = "1.1.0"
source = "registry+https://github.com/rust-lang/crates.io-index"
checksum = "d468802bab17cbc0cc575e9b053f41e72aa36bfa6b7f55e3529ffa43161b97fa"

[[package]]
name = "backtrace"
version = "0.3.67"
source = "registry+https://github.com/rust-lang/crates.io-index"
checksum = "233d376d6d185f2a3093e58f283f60f880315b6c60075b01f36b3b85154564ca"
dependencies = [
 "addr2line",
 "cc",
 "cfg-if",
 "libc",
 "miniz_oxide",
 "object",
 "rustc-demangle",
]

[[package]]
name = "cc"
version = "1.0.79"
source = "registry+https://github.com/rust-lang/crates.io-index"
checksum = "50d30906286121d95be3d479533b458f87493b30a4b5f79a607db8f5d11aa91f"

[[package]]
name = "cfg-if"
version = "1.0.0"
source = "registry+https://github.com/rust-lang/crates.io-index"
checksum = "baf1de4339761588bc0619e3cbc0120ee582ebb74b53b4efbf79117bd2da40fd"

[[package]]
name = "fnv"
version = "1.0.7"
source = "registry+https://github.com/rust-lang/crates.io-index"
checksum = "3f9eec918d3f24069decb9af1554cad7c880e2da24a9afd88aca000531ab82c1"

[[package]]
name = "gimli"
version = "0.27.2"
source = "registry+https://github.com/rust-lang/crates.io-index"
checksum = "ad0a93d233ebf96623465aad4046a8d3aa4da22d4f4beba5388838c8a434bbb4"

[[package]]
name = "gl_generator"
version = "0.14.0"
source = "registry+https://github.com/rust-lang/crates.io-index"
checksum = "1a95dfc23a2b4a9a2f5ab41d194f8bfda3cabec42af4e39f08c339eb2a0c124d"
dependencies = [
 "khronos_api",
 "log",
 "xml-rs",
]

[[package]]
name = "glium"
version = "0.32.1"
source = "registry+https://github.com/rust-lang/crates.io-index"
checksum = "d2766728ecb86014b91d3d687614b32d65aacbbdc887f424a7b03cba3ab593bf"
dependencies = [
 "backtrace",
 "fnv",
 "gl_generator",
 "lazy_static",
 "memoffset",
 "smallvec",
 "takeable-option",
]

[[package]]
name = "khronos_api"
version = "3.1.0"
source = "registry+https://github.com/rust-lang/crates.io-index"
checksum = "e2db585e1d738fc771bf08a151420d3ed193d9d895a36df7f6f8a9456b911ddc"

[[package]]
name = "lazy_static"
version = "1.4.0"
source = "registry+https://github.com/rust-lang/crates.io-index"
checksum = "e2abad23fbc42b3700f2f279844dc832adb2b2eb069b2df918f455c4e18cc646"

[[package]]
name = "libc"
version = "0.2.144"
source = "registry+https://github.com/rust-lang/crates.io-index"
checksum = "2b00cc1c228a6782d0f076e7b232802e0c5689d41bb5df366f2a6b6621cfdfe1"

[[package]]
name = "log"
version = "0.4.18"
source = "registry+https://github.com/rust-lang/crates.io-index"
checksum = "518ef76f2f87365916b142844c16d8fefd85039bc5699050210a7778ee1cd1de"

[[package]]
name = "memchr"
version = "2.5.0"
source = "registry+https://github.com/rust-lang/crates.io-index"
checksum = "2dffe52ecf27772e601905b7522cb4ef790d2cc203488bbd0e2fe85fcb74566d"

[[package]]
name = "memoffset"
version = "0.6.5"
source = "registry+https://github.com/rust-lang/crates.io-index"
checksum = "5aa361d4faea93603064a027415f07bd8e1d5c88c9fbf68bf56a285428fd79ce"
dependencies = [
 "autocfg",
]

[[package]]
name = "miniz_oxide"
version = "0.6.2"
source = "registry+https://github.com/rust-lang/crates.io-index"
checksum = "b275950c28b37e794e8c55d88aeb5e139d0ce23fdbbeda68f8d7174abdf9e8fa"
dependencies = [
 "adler",
]

[[package]]
name = "object"
version = "0.30.3"
source = "registry+https://github.com/rust-lang/crates.io-index"
checksum = "ea86265d3d3dcb6a27fc51bd29a4bf387fae9d2986b823079d4986af253eb439"
dependencies = [
 "memchr",
]

[[package]]
name = "rustc-demangle"
version = "0.1.23"
source = "registry+https://github.com/rust-lang/crates.io-index"
checksum = "d626bb9dae77e28219937af045c257c28bfd3f69333c512553507f5f9798cb76"

[[package]]
name = "smallvec"
version = "1.10.0"
source = "registry+https://github.com/rust-lang/crates.io-index"
checksum = "a507befe795404456341dfab10cef66ead4c041f62b8b11bbb92bffe5d0953e0"

[[package]]
name = "takeable-option"
version = "0.5.0"
source = "registry+https://github.com/rust-lang/crates.io-index"
checksum = "36ae8932fcfea38b7d3883ae2ab357b0d57a02caaa18ebb4f5ece08beaec4aa0"

[[package]]
name = "xmath"
version = "0.2.9"
dependencies = [
 "glium",
]

[[package]]
name = "xml-rs"
version = "0.8.14"
source = "registry+https://github.com/rust-lang/crates.io-index"
checksum = "52839dc911083a8ef63efa4d039d1f58b5e409f923e44c80828f206f66e5541c"
